
Microsoft Visual Studio Solution File, Format Version 11.00
# Visual Studio 2010
Project("{8BC9CEB8-8B4A-11D0-8D11-00A0C91BC942}") = "ERCP2v2", "ERCP2v2\ERCP2v2.vcxproj", "{9E80F1C6-0F72-405B-B270-DA13B1C2A196}"
EndProject
Project("{2150E333-8FDC-42A3-9474-1A3956D46DE8}") = "Solution Items", "Solution Items", "{4161A162-647B-44CE-A6CB-AFA2C742B8B5}"
EndProject
Global
	GlobalSection(SolutionConfigurationPlatforms) = preSolution
		Debug|Win32 = Debug|Win32
		Intel_SSA|Win32 = Intel_SSA|Win32
		Release|Win32 = Release|Win32
	EndGlobalSection
	GlobalSection(ProjectConfigurationPlatforms) = postSolution
		{9E80F1C6-0F72-405B-B270-DA13B1C2A196}.Debug|Win32.ActiveCfg = Debug|Win32
		{9E80F1C6-0F72-405B-B270-DA13B1C2A196}.Debug|Win32.Build.0 = Debug|Win32
		{9E80F1C6-0F72-405B-B270-DA13B1C2A196}.Intel_SSA|Win32.ActiveCfg = Intel_SSA|Win32
		{9E80F1C6-0F72-405B-B270-DA13B1C2A196}.Intel_SSA|Win32.Build.0 = Intel_SSA|Win32
		{9E80F1C6-0F72-405B-B270-DA13B1C2A196}.Release|Win32.ActiveCfg = Release|Win32
		{9E80F1C6-0F72-405B-B270-DA13B1C2A196}.Release|Win32.Build.0 = Release|Win32
	EndGlobalSection
	GlobalSection(SolutionProperties) = preSolution
		HideSolutionNode = FALSE
	EndGlobalSection
EndGlobal
